
Microsoft Visual Studio Solution File, Format Version 12.00
# Visual Studio Version 17
VisualStudioVersion = 17.6.33829.357
MinimumVisualStudioVersion = 10.0.40219.1
Project("{FAE04EC0-301F-11D3-BF4B-00C04F79EFBC}") = "CSharp_BT5", "CSharp_BT5.csproj", "{519E51F3-EA40-43F7-B5B8-B4257A054C57}"
EndProject
Global
	GlobalSection(SolutionConfigurationPlatforms) = preSolution
		Debug|Any CPU = Debug|Any CPU
		Release|Any CPU = Release|Any CPU
	EndGlobalSection
	GlobalSection(ProjectConfigurationPlatforms) = postSolution
		{519E51F3-EA40-43F7-B5B8-B4257A054C57}.Debug|Any CPU.ActiveCfg = Debug|Any CPU
		{519E51F3-EA40-43F7-B5B8-B4257A054C57}.Debug|Any CPU.Build.0 = Debug|Any CPU
		{519E51F3-EA40-43F7-B5B8-B4257A054C57}.Release|Any CPU.ActiveCfg = Release|Any CPU
		{519E51F3-EA40-43F7-B5B8-B4257A054C57}.Release|Any CPU.Build.0 = Release|Any CPU
	EndGlobalSection
	GlobalSection(SolutionProperties) = preSolution
		HideSolutionNode = FALSE
	EndGlobalSection
	GlobalSection(ExtensibilityGlobals) = postSolution
		SolutionGuid = {255117C3-5E91-44BA-8FA5-D0B544F063DE}
	EndGlobalSection
EndGlobal
